
Microsoft Visual Studio Solution File, Format Version 12.00
# Visual Studio Version 17
VisualStudioVersion = 17.10.35122.118
MinimumVisualStudioVersion = 10.0.40219.1
Project("{FAE04EC0-301F-11D3-BF4B-00C04F79EFBC}") = "FlashCardDotNet", "FlashCardDotNet.csproj", "{F532122E-9FD9-4BA4-A632-D903BE9F9215}"
EndProject
Global
	GlobalSection(SolutionConfigurationPlatforms) = preSolution
		Debug|Any CPU = Debug|Any CPU
		Release|Any CPU = Release|Any CPU
	EndGlobalSection
	GlobalSection(ProjectConfigurationPlatforms) = postSolution
		{F532122E-9FD9-4BA4-A632-D903BE9F9215}.Debug|Any CPU.ActiveCfg = Debug|Any CPU
		{F532122E-9FD9-4BA4-A632-D903BE9F9215}.Debug|Any CPU.Build.0 = Debug|Any CPU
		{F532122E-9FD9-4BA4-A632-D903BE9F9215}.Release|Any CPU.ActiveCfg = Release|Any CPU
		{F532122E-9FD9-4BA4-A632-D903BE9F9215}.Release|Any CPU.Build.0 = Release|Any CPU
	EndGlobalSection
	GlobalSection(SolutionProperties) = preSolution
		HideSolutionNode = FALSE
	EndGlobalSection
	GlobalSection(ExtensibilityGlobals) = postSolution
		SolutionGuid = {03DF2A94-2E3C-4CF1-A749-C81F783B5C08}
	EndGlobalSection
EndGlobal
